
Microsoft Visual Studio Solution File, Format Version 12.00
# Visual Studio Version 17
VisualStudioVersion = 17.11.35219.272
MinimumVisualStudioVersion = 10.0.40219.1
Project("{9A19103F-16F7-4668-BE54-9A1E7A4F7556}") = "Metalinker", "Metalinker\Metalinker.csproj", "{ED990317-51BA-4B0F-85B0-A74B604904F3}"
EndProject
Project("{FAE04EC0-301F-11D3-BF4B-00C04F79EFBC}") = "Metalinker.Tests", "Metalinker.Tests\Metalinker.Tests.csproj", "{D532EF5D-097F-4193-ADEE-E6990C9B3425}"
EndProject
Project("{2150E333-8FDC-42A3-9474-1A3956D46DE8}") = "Assets", "Assets", "{BEFE2FE1-8B1B-473D-A9A8-03D105E15F0A}"
	ProjectSection(SolutionItems) = preProject
		Directory.Build.props = Directory.Build.props
	EndProjectSection
EndProject
Global
	GlobalSection(SolutionConfigurationPlatforms) = preSolution
		Debug|Any CPU = Debug|Any CPU
		Release|Any CPU = Release|Any CPU
	EndGlobalSection
	GlobalSection(ProjectConfigurationPlatforms) = postSolution
		{ED990317-51BA-4B0F-85B0-A74B604904F3}.Debug|Any CPU.ActiveCfg = Debug|Any CPU
		{ED990317-51BA-4B0F-85B0-A74B604904F3}.Debug|Any CPU.Build.0 = Debug|Any CPU
		{ED990317-51BA-4B0F-85B0-A74B604904F3}.Release|Any CPU.ActiveCfg = Release|Any CPU
		{ED990317-51BA-4B0F-85B0-A74B604904F3}.Release|Any CPU.Build.0 = Release|Any CPU
		{D532EF5D-097F-4193-ADEE-E6990C9B3425}.Debug|Any CPU.ActiveCfg = Debug|Any CPU
		{D532EF5D-097F-4193-ADEE-E6990C9B3425}.Debug|Any CPU.Build.0 = Debug|Any CPU
		{D532EF5D-097F-4193-ADEE-E6990C9B3425}.Release|Any CPU.ActiveCfg = Release|Any CPU
		{D532EF5D-097F-4193-ADEE-E6990C9B3425}.Release|Any CPU.Build.0 = Release|Any CPU
	EndGlobalSection
	GlobalSection(SolutionProperties) = preSolution
		HideSolutionNode = FALSE
	EndGlobalSection
	GlobalSection(ExtensibilityGlobals) = postSolution
		SolutionGuid = {19FE220C-BDE4-4AAC-810A-70CFAE46E56B}
	EndGlobalSection
EndGlobal
